
Microsoft Visual Studio Solution File, Format Version 12.00
# Visual Studio Version 17
VisualStudioVersion = 17.5.33516.290
MinimumVisualStudioVersion = 10.0.40219.1
Project("{9A19103F-16F7-4668-BE54-9A1E7A4F7556}") = "FastSchedule.MVC", "FastSchedule\FastSchedule.MVC.csproj", "{BCE645FD-9BA0-443A-8DAA-326A97DB1AFB}"
EndProject
Project("{9A19103F-16F7-4668-BE54-9A1E7A4F7556}") = "FastSchedule.Domain", "Domain\FastSchedule.Domain.csproj", "{FCEF1376-9906-4722-A68D-6BEA16EE49E6}"
EndProject
Project("{FAE04EC0-301F-11D3-BF4B-00C04F79EFBC}") = "FastSchedule.Application", "FastSchedule.Application\FastSchedule.Application.csproj", "{08690D90-06E2-40CB-960D-EB3307F32106}"
EndProject
Global
	GlobalSection(SolutionConfigurationPlatforms) = preSolution
		Debug|Any CPU = Debug|Any CPU
		Release|Any CPU = Release|Any CPU
	EndGlobalSection
	GlobalSection(ProjectConfigurationPlatforms) = postSolution
		{BCE645FD-9BA0-443A-8DAA-326A97DB1AFB}.Debug|Any CPU.ActiveCfg = Debug|Any CPU
		{BCE645FD-9BA0-443A-8DAA-326A97DB1AFB}.Debug|Any CPU.Build.0 = Debug|Any CPU
		{BCE645FD-9BA0-443A-8DAA-326A97DB1AFB}.Release|Any CPU.ActiveCfg = Release|Any CPU
		{BCE645FD-9BA0-443A-8DAA-326A97DB1AFB}.Release|Any CPU.Build.0 = Release|Any CPU
		{FCEF1376-9906-4722-A68D-6BEA16EE49E6}.Debug|Any CPU.ActiveCfg = Debug|Any CPU
		{FCEF1376-9906-4722-A68D-6BEA16EE49E6}.Debug|Any CPU.Build.0 = Debug|Any CPU
		{FCEF1376-9906-4722-A68D-6BEA16EE49E6}.Release|Any CPU.ActiveCfg = Release|Any CPU
		{FCEF1376-9906-4722-A68D-6BEA16EE49E6}.Release|Any CPU.Build.0 = Release|Any CPU
		{08690D90-06E2-40CB-960D-EB3307F32106}.Debug|Any CPU.ActiveCfg = Debug|Any CPU
		{08690D90-06E2-40CB-960D-EB3307F32106}.Debug|Any CPU.Build.0 = Debug|Any CPU
		{08690D90-06E2-40CB-960D-EB3307F32106}.Release|Any CPU.ActiveCfg = Release|Any CPU
		{08690D90-06E2-40CB-960D-EB3307F32106}.Release|Any CPU.Build.0 = Release|Any CPU
	EndGlobalSection
	GlobalSection(SolutionProperties) = preSolution
		HideSolutionNode = FALSE
	EndGlobalSection
	GlobalSection(ExtensibilityGlobals) = postSolution
		SolutionGuid = {D68BD6F7-F150-47B5-BFC5-C726504F8984}
	EndGlobalSection
EndGlobal
